
Microsoft Visual Studio Solution File, Format Version 12.00
# Visual Studio Version 17
VisualStudioVersion = 17.1.32210.238
MinimumVisualStudioVersion = 10.0.40219.1
Project("{9A19103F-16F7-4668-BE54-9A1E7A4F7556}") = "Pomodoro.Api", "Pomodoro.Api\Pomodoro.Api.csproj", "{D8639901-BB97-4C44-B9EF-8D388F976032}"
EndProject
Project("{2150E333-8FDC-42A3-9474-1A3956D46DE8}") = "Solution Items", "Solution Items", "{CD6CFB27-23B0-46E8-B54D-0A61A43EDC72}"
	ProjectSection(SolutionItems) = preProject
		.editorconfig = .editorconfig
		stylecop.json = stylecop.json
	EndProjectSection
EndProject
Project("{9A19103F-16F7-4668-BE54-9A1E7A4F7556}") = "Pomodoro.Core", "Pomodoro.Core\Pomodoro.Core.csproj", "{786F9553-BF60-4BFF-ABA5-2B19DC7A324A}"
EndProject
Project("{9A19103F-16F7-4668-BE54-9A1E7A4F7556}") = "Pomodoro.BL", "Pomodoro.BL\Pomodoro.BL.csproj", "{3131B581-D2F3-428F-B751-8710C84393D1}"
EndProject
Project("{9A19103F-16F7-4668-BE54-9A1E7A4F7556}") = "Pomodoro.DAL.Postgres", "Pomodoro.DAL.Postgres\Pomodoro.DAL.Postgres.csproj", "{87232D8D-9876-4296-9430-38FE0E27EDDF}"
EndProject
Project("{FAE04EC0-301F-11D3-BF4B-00C04F79EFBC}") = "Pomodoro.UnitTests", "Pomodoro.UnitTests\Pomodoro.UnitTests.csproj", "{01EA4AEC-1E2F-49B5-8A04-F259D711E360}"
EndProject
Project("{FAE04EC0-301F-11D3-BF4B-00C04F79EFBC}") = "Pomodoro.IntegrationTests", "Pomodoro.IntegrationTests\Pomodoro.IntegrationTests.csproj", "{B7369451-C5C6-43D7-98EE-AFF3C27D7F62}"
EndProject
Global
	GlobalSection(SolutionConfigurationPlatforms) = preSolution
		Debug|Any CPU = Debug|Any CPU
		Release|Any CPU = Release|Any CPU
	EndGlobalSection
	GlobalSection(ProjectConfigurationPlatforms) = postSolution
		{D8639901-BB97-4C44-B9EF-8D388F976032}.Debug|Any CPU.ActiveCfg = Debug|Any CPU
		{D8639901-BB97-4C44-B9EF-8D388F976032}.Debug|Any CPU.Build.0 = Debug|Any CPU
		{D8639901-BB97-4C44-B9EF-8D388F976032}.Release|Any CPU.ActiveCfg = Release|Any CPU
		{D8639901-BB97-4C44-B9EF-8D388F976032}.Release|Any CPU.Build.0 = Release|Any CPU
		{786F9553-BF60-4BFF-ABA5-2B19DC7A324A}.Debug|Any CPU.ActiveCfg = Debug|Any CPU
		{786F9553-BF60-4BFF-ABA5-2B19DC7A324A}.Debug|Any CPU.Build.0 = Debug|Any CPU
		{786F9553-BF60-4BFF-ABA5-2B19DC7A324A}.Release|Any CPU.ActiveCfg = Release|Any CPU
		{786F9553-BF60-4BFF-ABA5-2B19DC7A324A}.Release|Any CPU.Build.0 = Release|Any CPU
		{3131B581-D2F3-428F-B751-8710C84393D1}.Debug|Any CPU.ActiveCfg = Debug|Any CPU
		{3131B581-D2F3-428F-B751-8710C84393D1}.Debug|Any CPU.Build.0 = Debug|Any CPU
		{3131B581-D2F3-428F-B751-8710C84393D1}.Release|Any CPU.ActiveCfg = Release|Any CPU
		{3131B581-D2F3-428F-B751-8710C84393D1}.Release|Any CPU.Build.0 = Release|Any CPU
		{87232D8D-9876-4296-9430-38FE0E27EDDF}.Debug|Any CPU.ActiveCfg = Debug|Any CPU
		{87232D8D-9876-4296-9430-38FE0E27EDDF}.Debug|Any CPU.Build.0 = Debug|Any CPU
		{87232D8D-9876-4296-9430-38FE0E27EDDF}.Release|Any CPU.ActiveCfg = Release|Any CPU
		{87232D8D-9876-4296-9430-38FE0E27EDDF}.Release|Any CPU.Build.0 = Release|Any CPU
		{01EA4AEC-1E2F-49B5-8A04-F259D711E360}.Debug|Any CPU.ActiveCfg = Debug|Any CPU
		{01EA4AEC-1E2F-49B5-8A04-F259D711E360}.Debug|Any CPU.Build.0 = Debug|Any CPU
		{01EA4AEC-1E2F-49B5-8A04-F259D711E360}.Release|Any CPU.ActiveCfg = Release|Any CPU
		{01EA4AEC-1E2F-49B5-8A04-F259D711E360}.Release|Any CPU.Build.0 = Release|Any CPU
		{B7369451-C5C6-43D7-98EE-AFF3C27D7F62}.Debug|Any CPU.ActiveCfg = Debug|Any CPU
		{B7369451-C5C6-43D7-98EE-AFF3C27D7F62}.Debug|Any CPU.Build.0 = Debug|Any CPU
		{B7369451-C5C6-43D7-98EE-AFF3C27D7F62}.Release|Any CPU.ActiveCfg = Release|Any CPU
		{B7369451-C5C6-43D7-98EE-AFF3C27D7F62}.Release|Any CPU.Build.0 = Release|Any CPU
	EndGlobalSection
	GlobalSection(SolutionProperties) = preSolution
		HideSolutionNode = FALSE
	EndGlobalSection
	GlobalSection(ExtensibilityGlobals) = postSolution
		SolutionGuid = {9603E006-E8C9-458B-B3FE-ED3F8C9D8626}
	EndGlobalSection
EndGlobal
